
Microsoft Visual Studio Solution File, Format Version 12.00
# Visual Studio Version 16
VisualStudioVersion = 16.0.31515.178
MinimumVisualStudioVersion = 10.0.40219.1
Project("{9A19103F-16F7-4668-BE54-9A1E7A4F7556}") = "Activities.Email", "Activities.Email\Activities.Email.csproj", "{8BDE4079-C577-4CD8-90BA-76A2EA16AC09}"
EndProject
Project("{FAE04EC0-301F-11D3-BF4B-00C04F79EFBC}") = "TestExchange", "TestExchange\TestExchange.csproj", "{1926E664-67AA-4A20-A195-9543A7AA83AA}"
EndProject
Global
	GlobalSection(SolutionConfigurationPlatforms) = preSolution
		Debug|Any CPU = Debug|Any CPU
		Release|Any CPU = Release|Any CPU
	EndGlobalSection
	GlobalSection(ProjectConfigurationPlatforms) = postSolution
		{8BDE4079-C577-4CD8-90BA-76A2EA16AC09}.Debug|Any CPU.ActiveCfg = Debug|Any CPU
		{8BDE4079-C577-4CD8-90BA-76A2EA16AC09}.Debug|Any CPU.Build.0 = Debug|Any CPU
		{8BDE4079-C577-4CD8-90BA-76A2EA16AC09}.Release|Any CPU.ActiveCfg = Release|Any CPU
		{8BDE4079-C577-4CD8-90BA-76A2EA16AC09}.Release|Any CPU.Build.0 = Release|Any CPU
		{1926E664-67AA-4A20-A195-9543A7AA83AA}.Debug|Any CPU.ActiveCfg = Debug|Any CPU
		{1926E664-67AA-4A20-A195-9543A7AA83AA}.Debug|Any CPU.Build.0 = Debug|Any CPU
		{1926E664-67AA-4A20-A195-9543A7AA83AA}.Release|Any CPU.ActiveCfg = Release|Any CPU
		{1926E664-67AA-4A20-A195-9543A7AA83AA}.Release|Any CPU.Build.0 = Release|Any CPU
	EndGlobalSection
	GlobalSection(SolutionProperties) = preSolution
		HideSolutionNode = FALSE
	EndGlobalSection
	GlobalSection(ExtensibilityGlobals) = postSolution
		SolutionGuid = {F960AB61-F8F1-4E22-97F1-B22E556AC5C3}
	EndGlobalSection
EndGlobal
